// !$*UTF8*$!
{
	archiveVersion = 1;
	classes = {
	};
	objectVersion = 46;
	objects = {

/* Begin PBXBuildFile section */
		1824FD5F1E73367B0001C430 /* AppDelegate.swift in Sources */ = {isa = PBXBuildFile; fileRef = 1824FD5E1E73367B0001C430 /* AppDelegate.swift */; };
		1824FD641E73367B0001C430 /* Main.storyboard in Resources */ = {isa = PBXBuildFile; fileRef = 1824FD621E73367B0001C430 /* Main.storyboard */; };
		1824FD661E73367B0001C430 /* Assets.xcassets in Resources */ = {isa = PBXBuildFile; fileRef = 1824FD651E73367B0001C430 /* Assets.xcassets */; };
		1824FD691E73367B0001C430 /* LaunchScreen.storyboard in Resources */ = {isa = PBXBuildFile; fileRef = 1824FD671E73367B0001C430 /* LaunchScreen.storyboard */; };
		1824FD741E73367B0001C430 /* SampleAppTests.swift in Sources */ = {isa = PBXBuildFile; fileRef = 1824FD731E73367B0001C430 /* SampleAppTests.swift */; };
		1824FD7F1E73367B0001C430 /* SampleAppUITests.swift in Sources */ = {isa = PBXBuildFile; fileRef = 1824FD7E1E73367B0001C430 /* SampleAppUITests.swift */; };
		1824FD901E7338BD0001C430 /* HomeVC.swift in Sources */ = {isa = PBXBuildFile; fileRef = 1824FD8F1E7338BD0001C430 /* HomeVC.swift */; };
		1824FD941E7339560001C430 /* DetailVC.swift in Sources */ = {isa = PBXBuildFile; fileRef = 1824FD931E7339560001C430 /* DetailVC.swift */; };
		1824FD9A1E7345480001C430 /* RestApiManager.swift in Sources */ = {isa = PBXBuildFile; fileRef = 1824FD991E7345480001C430 /* RestApiManager.swift */; };
		C37291FA3FA362DD062A3148 /* Pods_SampleApp.framework in Frameworks */ = {isa = PBXBuildFile; fileRef = 8A9CE564577A55CE56CC2A67 /* Pods_SampleApp.framework */; };
/* End PBXBuildFile section */

/* Begin PBXContainerItemProxy section */
		1824FD701E73367B0001C430 /* PBXContainerItemProxy */ = {
			isa = PBXContainerItemProxy;
			containerPortal = 1824FD531E73367B0001C430 /* Project object */;
			proxyType = 1;
			remoteGlobalIDString = 1824FD5A1E73367B0001C430;
			remoteInfo = SampleApp;
		};
		1824FD7B1E73367B0001C430 /* PBXContainerItemProxy */ = {
			isa = PBXContainerItemProxy;
			containerPortal = 1824FD531E73367B0001C430 /* Project object */;
			proxyType = 1;
			remoteGlobalIDString = 1824FD5A1E73367B0001C430;
			remoteInfo = SampleApp;
		};
/* End PBXContainerItemProxy section */

/* Begin PBXCopyFilesBuildPhase section */
		181D6CF61E753D7300FD88FD /* Embed Frameworks */ = {
			isa = PBXCopyFilesBuildPhase;
			buildActionMask = 2147483647;
			dstPath = "";
			dstSubfolderSpec = 10;
			files = (
			);
			name = "Embed Frameworks";
			runOnlyForDeploymentPostprocessing = 0;
		};
/* End PBXCopyFilesBuildPhase section */

/* Begin PBXFileReference section */
		1824FD5B1E73367B0001C430 /* SampleApp.app */ = {isa = PBXFileReference; explicitFileType = wrapper.application; includeInIndex = 0; path = SampleApp.app; sourceTree = BUILT_PRODUCTS_DIR; };
		1824FD5E1E73367B0001C430 /* AppDelegate.swift */ = {isa = PBXFileReference; lastKnownFileType = sourcecode.swift; path = AppDelegate.swift; sourceTree = "<group>"; };
		1824FD631E73367B0001C430 /* Base */ = {isa = PBXFileReference; lastKnownFileType = file.storyboard; name = Base; path = Base.lproj/Main.storyboard; sourceTree = "<group>"; };
		1824FD651E73367B0001C430 /* Assets.xcassets */ = {isa = PBXFileReference; lastKnownFileType = folder.assetcatalog; path = Assets.xcassets; sourceTree = "<group>"; };
		1824FD681E73367B0001C430 /* Base */ = {isa = PBXFileReference; lastKnownFileType = file.storyboard; name = Base; path = Base.lproj/LaunchScreen.storyboard; sourceTree = "<group>"; };
		1824FD6A1E73367B0001C430 /* Info.plist */ = {isa = PBXFileReference; lastKnownFileType = text.plist.xml; path = Info.plist; sourceTree = "<group>"; };
		1824FD6F1E73367B0001C430 /* SampleAppTests.xctest */ = {isa = PBXFileReference; explicitFileType = wrapper.cfbundle; includeInIndex = 0; path = SampleAppTests.xctest; sourceTree = BUILT_PRODUCTS_DIR; };
		1824FD731E73367B0001C430 /* SampleAppTests.swift */ = {isa = PBXFileReference; lastKnownFileType = sourcecode.swift; path = SampleAppTests.swift; sourceTree = "<group>"; };
		1824FD751E73367B0001C430 /* Info.plist */ = {isa = PBXFileReference; lastKnownFileType = text.plist.xml; path = Info.plist; sourceTree = "<group>"; };
		1824FD7A1E73367B0001C430 /* SampleAppUITests.xctest */ = {isa = PBXFileReference; explicitFileType = wrapper.cfbundle; includeInIndex = 0; path = SampleAppUITests.xctest; sourceTree = BUILT_PRODUCTS_DIR; };
		1824FD7E1E73367B0001C430 /* SampleAppUITests.swift */ = {isa = PBXFileReference; lastKnownFileType = sourcecode.swift; path = SampleAppUITests.swift; sourceTree = "<group>"; };
		1824FD801E73367B0001C430 /* Info.plist */ = {isa = PBXFileReference; lastKnownFileType = text.plist.xml; path = Info.plist; sourceTree = "<group>"; };
		1824FD8F1E7338BD0001C430 /* HomeVC.swift */ = {isa = PBXFileReference; fileEncoding = 4; lastKnownFileType = sourcecode.swift; name = HomeVC.swift; path = ../HomeVC.swift; sourceTree = "<group>"; };
		1824FD931E7339560001C430 /* DetailVC.swift */ = {isa = PBXFileReference; fileEncoding = 4; lastKnownFileType = sourcecode.swift; path = DetailVC.swift; sourceTree = "<group>"; };
		1824FD991E7345480001C430 /* RestApiManager.swift */ = {isa = PBXFileReference; fileEncoding = 4; lastKnownFileType = sourcecode.swift; path = RestApiManager.swift; sourceTree = "<group>"; };
		40E35EECF430D6412C1F3BC0 /* Pods_SampleApp.framework */ = {isa = PBXFileReference; explicitFileType = wrapper.framework; includeInIndex = 0; name = Pods_SampleApp.framework; path = "../../../Library/Developer/Xcode/DerivedData/SampleApp-clnuqtuszvxtpaextirbnobiecns/Build/Products/Debug-iphoneos/Pods_SampleApp.framework"; sourceTree = SOURCE_ROOT; };
		798473BD91D7778A770B36EE /* Pods-SampleApp.release.xcconfig */ = {isa = PBXFileReference; includeInIndex = 1; lastKnownFileType = text.xcconfig; name = "Pods-SampleApp.release.xcconfig"; path = "Pods/Target Support Files/Pods-SampleApp/Pods-SampleApp.release.xcconfig"; sourceTree = "<group>"; };
		8A9CE564577A55CE56CC2A67 /* Pods_SampleApp.framework */ = {isa = PBXFileReference; explicitFileType = wrapper.framework; includeInIndex = 0; path = Pods_SampleApp.framework; sourceTree = BUILT_PRODUCTS_DIR; };
		AB65806BD5B5FA9B7809F4D8 /* Pods-SampleApp.debug.xcconfig */ = {isa = PBXFileReference; includeInIndex = 1; lastKnownFileType = text.xcconfig; name = "Pods-SampleApp.debug.xcconfig"; path = "Pods/Target Support Files/Pods-SampleApp/Pods-SampleApp.debug.xcconfig"; sourceTree = "<group>"; };
/* End PBXFileReference section */

/* Begin PBXFrameworksBuildPhase section */
		1824FD581E73367B0001C430 /* Frameworks */ = {
			isa = PBXFrameworksBuildPhase;
			buildActionMask = 2147483647;
			files = (
				C37291FA3FA362DD062A3148 /* Pods_SampleApp.framework in Frameworks */,
			);
			runOnlyForDeploymentPostprocessing = 0;
		};
		1824FD6C1E73367B0001C430 /* Frameworks */ = {
			isa = PBXFrameworksBuildPhase;
			buildActionMask = 2147483647;
			files = (
			);
			runOnlyForDeploymentPostprocessing = 0;
		};
		1824FD771E73367B0001C430 /* Frameworks */ = {
			isa = PBXFrameworksBuildPhase;
			buildActionMask = 2147483647;
			files = (
			);
			runOnlyForDeploymentPostprocessing = 0;
		};
/* End PBXFrameworksBuildPhase section */

/* Begin PBXGroup section */
		1824FD521E73367B0001C430 = {
			isa = PBXGroup;
			children = (
				1824FD5D1E73367B0001C430 /* SampleApp */,
				1824FD721E73367B0001C430 /* SampleAppTests */,
				1824FD7D1E73367B0001C430 /* SampleAppUITests */,
				1824FD5C1E73367B0001C430 /* Products */,
				E91E659625D438A31F95A86D /* Pods */,
				97867F0D33A71AE8F1BDFB51 /* Frameworks */,
			);
			sourceTree = "<group>";
		};
		1824FD5C1E73367B0001C430 /* Products */ = {
			isa = PBXGroup;
			children = (
				1824FD5B1E73367B0001C430 /* SampleApp.app */,
				1824FD6F1E73367B0001C430 /* SampleAppTests.xctest */,
				1824FD7A1E73367B0001C430 /* SampleAppUITests.xctest */,
			);
			name = Products;
			sourceTree = "<group>";
		};
		1824FD5D1E73367B0001C430 /* SampleApp */ = {
			isa = PBXGroup;
			children = (
				1824FD5E1E73367B0001C430 /* AppDelegate.swift */,
				1824FD8C1E7338BD0001C430 /* src */,
				1824FD651E73367B0001C430 /* Assets.xcassets */,
				1824FD6A1E73367B0001C430 /* Info.plist */,
			);
			path = SampleApp;
			sourceTree = "<group>";
		};
		1824FD721E73367B0001C430 /* SampleAppTests */ = {
			isa = PBXGroup;
			children = (
				1824FD731E73367B0001C430 /* SampleAppTests.swift */,
				1824FD751E73367B0001C430 /* Info.plist */,
			);
			path = SampleAppTests;
			sourceTree = "<group>";
		};
		1824FD7D1E73367B0001C430 /* SampleAppUITests */ = {
			isa = PBXGroup;
			children = (
				1824FD7E1E73367B0001C430 /* SampleAppUITests.swift */,
				1824FD801E73367B0001C430 /* Info.plist */,
			);
			path = SampleAppUITests;
			sourceTree = "<group>";
		};
		1824FD8C1E7338BD0001C430 /* src */ = {
			isa = PBXGroup;
			children = (
				1824FD961E733AFF0001C430 /* model */,
				1824FD8E1E7338BD0001C430 /* view */,
				1824FD8D1E7338BD0001C430 /* controller */,
				1824FD981E7345190001C430 /* Manager */,
			);
			path = src;
			sourceTree = "<group>";
		};
		1824FD8D1E7338BD0001C430 /* controller */ = {
			isa = PBXGroup;
			children = (
				1824FD8F1E7338BD0001C430 /* HomeVC.swift */,
				1824FD931E7339560001C430 /* DetailVC.swift */,
			);
			path = controller;
			sourceTree = "<group>";
		};
		1824FD8E1E7338BD0001C430 /* view */ = {
			isa = PBXGroup;
			children = (
				1824FD921E7339150001C430 /* storyboard */,
			);
			path = view;
			sourceTree = "<group>";
		};
		1824FD921E7339150001C430 /* storyboard */ = {
			isa = PBXGroup;
			children = (
				1824FD621E73367B0001C430 /* Main.storyboard */,
				1824FD671E73367B0001C430 /* LaunchScreen.storyboard */,
			);
			name = storyboard;
			path = ../storyboard;
			sourceTree = "<group>";
		};
		1824FD961E733AFF0001C430 /* model */ = {
			isa = PBXGroup;
			children = (
			);
			path = model;
			sourceTree = "<group>";
		};
		1824FD981E7345190001C430 /* Manager */ = {
			isa = PBXGroup;
			children = (
				1824FD991E7345480001C430 /* RestApiManager.swift */,
			);
			path = Manager;
			sourceTree = "<group>";
		};
		97867F0D33A71AE8F1BDFB51 /* Frameworks */ = {
			isa = PBXGroup;
			children = (
				40E35EECF430D6412C1F3BC0 /* Pods_SampleApp.framework */,
				8A9CE564577A55CE56CC2A67 /* Pods_SampleApp.framework */,
			);
			name = Frameworks;
			sourceTree = "<group>";
		};
		E91E659625D438A31F95A86D /* Pods */ = {
			isa = PBXGroup;
			children = (
				AB65806BD5B5FA9B7809F4D8 /* Pods-SampleApp.debug.xcconfig */,
				798473BD91D7778A770B36EE /* Pods-SampleApp.release.xcconfig */,
			);
			name = Pods;
			sourceTree = "<group>";
		};
/* End PBXGroup section */

/* Begin PBXNativeTarget section */
		1824FD5A1E73367B0001C430 /* SampleApp */ = {
			isa = PBXNativeTarget;
			buildConfigurationList = 1824FD831E73367B0001C430 /* Build configuration list for PBXNativeTarget "SampleApp" */;
			buildPhases = (
				9D7ABFF7C7D588A65AE9EBFB /* [CP] Check Pods Manifest.lock */,
				1824FD571E73367B0001C430 /* Sources */,
				1824FD581E73367B0001C430 /* Frameworks */,
				1824FD591E73367B0001C430 /* Resources */,
				4BB771929B843AF8874EE966 /* [CP] Embed Pods Frameworks */,
				E1E7AC3C6D4CADD43C1FCC27 /* [CP] Copy Pods Resources */,
				181D6CF61E753D7300FD88FD /* Embed Frameworks */,
			);
			buildRules = (
			);
			dependencies = (
			);
			name = SampleApp;
			productName = SampleApp;
			productReference = 1824FD5B1E73367B0001C430 /* SampleApp.app */;
			productType = "com.apple.product-type.application";
		};
		1824FD6E1E73367B0001C430 /* SampleAppTests */ = {
			isa = PBXNativeTarget;
			buildConfigurationList = 1824FD861E73367B0001C430 /* Build configuration list for PBXNativeTarget "SampleAppTests" */;
			buildPhases = (
				1824FD6B1E73367B0001C430 /* Sources */,
				1824FD6C1E73367B0001C430 /* Frameworks */,
				1824FD6D1E73367B0001C430 /* Resources */,
			);
			buildRules = (
			);
			dependencies = (
				1824FD711E73367B0001C430 /* PBXTargetDependency */,
			);
			name = SampleAppTests;
			productName = SampleAppTests;
			productReference = 1824FD6F1E73367B0001C430 /* SampleAppTests.xctest */;
			productType = "com.apple.product-type.bundle.unit-test";
		};
		1824FD791E73367B0001C430 /* SampleAppUITests */ = {
			isa = PBXNativeTarget;
			buildConfigurationList = 1824FD891E73367B0001C430 /* Build configuration list for PBXNativeTarget "SampleAppUITests" */;
			buildPhases = (
				1824FD761E73367B0001C430 /* Sources */,
				1824FD771E73367B0001C430 /* Frameworks */,
				1824FD781E73367B0001C430 /* Resources */,
			);
			buildRules = (
			);
			dependencies = (
				1824FD7C1E73367B0001C430 /* PBXTargetDependency */,
			);
			name = SampleAppUITests;
			productName = SampleAppUITests;
			productReference = 1824FD7A1E73367B0001C430 /* SampleAppUITests.xctest */;
			productType = "com.apple.product-type.bundle.ui-testing";
		};
/* End PBXNativeTarget section */

/* Begin PBXProject section */
		1824FD531E73367B0001C430 /* Project object */ = {
			isa = PBXProject;
			attributes = {
				LastSwiftUpdateCheck = 0820;
				LastUpgradeCheck = 0820;
				ORGANIZATIONNAME = Asafakli;
				TargetAttributes = {
					1824FD5A1E73367B0001C430 = {
						CreatedOnToolsVersion = 8.2.1;
						ProvisioningStyle = Automatic;
					};
					1824FD6E1E73367B0001C430 = {
						CreatedOnToolsVersion = 8.2.1;
						ProvisioningStyle = Automatic;
						TestTargetID = 1824FD5A1E73367B0001C430;
					};
					1824FD791E73367B0001C430 = {
						CreatedOnToolsVersion = 8.2.1;
						ProvisioningStyle = Automatic;
						TestTargetID = 1824FD5A1E73367B0001C430;
					};
				};
			};
			buildConfigurationList = 1824FD561E73367B0001C430 /* Build configuration list for PBXProject "SampleApp" */;
			compatibilityVersion = "Xcode 3.2";
			developmentRegion = English;
			hasScannedForEncodings = 0;
			knownRegions = (
				en,
				Base,
			);
			mainGroup = 1824FD521E73367B0001C430;
			productRefGroup = 1824FD5C1E73367B0001C430 /* Products */;
			projectDirPath = "";
			projectRoot = "";
			targets = (
				1824FD5A1E73367B0001C430 /* SampleApp */,
				1824FD6E1E73367B0001C430 /* SampleAppTests */,
				1824FD791E73367B0001C430 /* SampleAppUITests */,
			);
		};
/* End PBXProject section */

/* Begin PBXResourcesBuildPhase section */
		1824FD591E73367B0001C430 /* Resources */ = {
			isa = PBXResourcesBuildPhase;
			buildActionMask = 2147483647;
			files = (
				1824FD691E73367B0001C430 /* LaunchScreen.storyboard in Resources */,
				1824FD661E73367B0001C430 /* Assets.xcassets in Resources */,
				1824FD641E73367B0001C430 /* Main.storyboard in Resources */,
			);
			runOnlyForDeploymentPostprocessing = 0;
		};
		1824FD6D1E73367B0001C430 /* Resources */ = {
			isa = PBXResourcesBuildPhase;
			buildActionMask = 2147483647;
			files = (
			);
			runOnlyForDeploymentPostprocessing = 0;
		};
		1824FD781E73367B0001C430 /* Resources */ = {
			isa = PBXResourcesBuildPhase;
			buildActionMask = 2147483647;
			files = (
			);
			runOnlyForDeploymentPostprocessing = 0;
		};
/* End PBXResourcesBuildPhase section */

/* Begin PBXShellScriptBuildPhase section */
		4BB771929B843AF8874EE966 /* [CP] Embed Pods Frameworks */ = {
			isa = PBXShellScriptBuildPhase;
			buildActionMask = 2147483647;
			files = (
			);
			inputPaths = (
			);
			name = "[CP] Embed Pods Frameworks";
			outputPaths = (
			);
			runOnlyForDeploymentPostprocessing = 0;
			shellPath = /bin/sh;
			shellScript = "\"${SRCROOT}/Pods/Target Support Files/Pods-SampleApp/Pods-SampleApp-frameworks.sh\"\n";
			showEnvVarsInLog = 0;
		};
		9D7ABFF7C7D588A65AE9EBFB /* [CP] Check Pods Manifest.lock */ = {
			isa = PBXShellScriptBuildPhase;
			buildActionMask = 2147483647;
			files = (
			);
			inputPaths = (
			);
			name = "[CP] Check Pods Manifest.lock";
			outputPaths = (
			);
			runOnlyForDeploymentPostprocessing = 0;
			shellPath = /bin/sh;
			shellScript = "diff \"${PODS_ROOT}/../Podfile.lock\" \"${PODS_ROOT}/Manifest.lock\" > /dev/null\nif [ $? != 0 ] ; then\n    # print error to STDERR\n    echo \"error: The sandbox is not in sync with the Podfile.lock. Run 'pod install' or update your CocoaPods installation.\" >&2\n    exit 1\nfi\n";
			showEnvVarsInLog = 0;
		};
		E1E7AC3C6D4CADD43C1FCC27 /* [CP] Copy Pods Resources */ = {
			isa = PBXShellScriptBuildPhase;
			buildActionMask = 2147483647;
			files = (
			);
			inputPaths = (
			);
			name = "[CP] Copy Pods Resources";
			outputPaths = (
			);
			runOnlyForDeploymentPostprocessing = 0;
			shellPath = /bin/sh;
			shellScript = "\"${SRCROOT}/Pods/Target Support Files/Pods-SampleApp/Pods-SampleApp-resources.sh\"\n";
			showEnvVarsInLog = 0;
		};
/* End PBXShellScriptBuildPhase section */

/* Begin PBXSourcesBuildPhase section */
		1824FD571E73367B0001C430 /* Sources */ = {
			isa = PBXSourcesBuildPhase;
			buildActionMask = 2147483647;
			files = (
				1824FD901E7338BD0001C430 /* HomeVC.swift in Sources */,
				1824FD5F1E73367B0001C430 /* AppDelegate.swift in Sources */,
				1824FD9A1E7345480001C430 /* RestApiManager.swift in Sources */,
				1824FD941E7339560001C430 /* DetailVC.swift in Sources */,
			);
			runOnlyForDeploymentPostprocessing = 0;
		};
		1824FD6B1E73367B0001C430 /* Sources */ = {
			isa = PBXSourcesBuildPhase;
			buildActionMask = 2147483647;
			files = (
				1824FD741E73367B0001C430 /* SampleAppTests.swift in Sources */,
			);
			runOnlyForDeploymentPostprocessing = 0;
		};
		1824FD761E73367B0001C430 /* Sources */ = {
			isa = PBXSourcesBuildPhase;
			buildActionMask = 2147483647;
			files = (
				1824FD7F1E73367B0001C430 /* SampleAppUITests.swift in Sources */,
			);
			runOnlyForDeploymentPostprocessing = 0;
		};
/* End PBXSourcesBuildPhase section */

/* Begin PBXTargetDependency section */
		1824FD711E73367B0001C430 /* PBXTargetDependency */ = {
			isa = PBXTargetDependency;
			target = 1824FD5A1E73367B0001C430 /* SampleApp */;
			targetProxy = 1824FD701E73367B0001C430 /* PBXContainerItemProxy */;
		};
		1824FD7C1E73367B0001C430 /* PBXTargetDependency */ = {
			isa = PBXTargetDependency;
			target = 1824FD5A1E73367B0001C430 /* SampleApp */;
			targetProxy = 1824FD7B1E73367B0001C430 /* PBXContainerItemProxy */;
		};
/* End PBXTargetDependency section */

/* Begin PBXVariantGroup section */
		1824FD621E73367B0001C430 /* Main.storyboard */ = {
			isa = PBXVariantGroup;
			children = (
				1824FD631E73367B0001C430 /* Base */,
			);
			name = Main.storyboard;
			path = ../..;
			sourceTree = "<group>";
		};
		1824FD671E73367B0001C430 /* LaunchScreen.storyboard */ = {
			isa = PBXVariantGroup;
			children = (
				1824FD681E73367B0001C430 /* Base */,
			);
			name = LaunchScreen.storyboard;
			path = ../..;
			sourceTree = "<group>";
		};
/* End PBXVariantGroup section */

/* Begin XCBuildConfiguration section */
		1824FD811E73367B0001C430 /* Debug */ = {
			isa = XCBuildConfiguration;
			buildSettings = {
				ALWAYS_SEARCH_USER_PATHS = NO;
				CLANG_ANALYZER_NONNULL = YES;
				CLANG_CXX_LANGUAGE_STANDARD = "gnu++0x";
				CLANG_CXX_LIBRARY = "libc++";
				CLANG_ENABLE_MODULES = YES;
				CLANG_ENABLE_OBJC_ARC = YES;
				CLANG_WARN_BOOL_CONVERSION = YES;
				CLANG_WARN_CONSTANT_CONVERSION = YES;
				CLANG_WARN_DIRECT_OBJC_ISA_USAGE = YES_ERROR;
				CLANG_WARN_DOCUMENTATION_COMMENTS = YES;
				CLANG_WARN_EMPTY_BODY = YES;
				CLANG_WARN_ENUM_CONVERSION = YES;
				CLANG_WARN_INFINITE_RECURSION = YES;
				CLANG_WARN_INT_CONVERSION = YES;
				CLANG_WARN_OBJC_ROOT_CLASS = YES_ERROR;
				CLANG_WARN_SUSPICIOUS_MOVE = YES;
				CLANG_WARN_UNREACHABLE_CODE = YES;
				CLANG_WARN__DUPLICATE_METHOD_MATCH = YES;
				"CODE_SIGN_IDENTITY[sdk=iphoneos*]" = "iPhone Developer";
				COPY_PHASE_STRIP = NO;
				DEBUG_INFORMATION_FORMAT = dwarf;
				ENABLE_STRICT_OBJC_MSGSEND = YES;
				ENABLE_TESTABILITY = YES;
				GCC_C_LANGUAGE_STANDARD = gnu99;
				GCC_DYNAMIC_NO_PIC = NO;
				GCC_NO_COMMON_BLOCKS = YES;
				GCC_OPTIMIZATION_LEVEL = 0;
				GCC_PREPROCESSOR_DEFINITIONS = (
					"DEBUG=1",
					"$(inherited)",
				);
				GCC_WARN_64_TO_32_BIT_CONVERSION = YES;
				GCC_WARN_ABOUT_RETURN_TYPE = YES_ERROR;
				GCC_WARN_UNDECLARED_SELECTOR = YES;
				GCC_WARN_UNINITIALIZED_AUTOS = YES_AGGRESSIVE;
				GCC_WARN_UNUSED_FUNCTION = YES;
				GCC_WARN_UNUSED_VARIABLE = YES;
				IPHONEOS_DEPLOYMENT_TARGET = 10.2;
				MTL_ENABLE_DEBUG_INFO = YES;
				ONLY_ACTIVE_ARCH = YES;
				SDKROOT = iphoneos;
				SWIFT_ACTIVE_COMPILATION_CONDITIONS = DEBUG;
				SWIFT_OPTIMIZATION_LEVEL = "-Onone";
				TARGETED_DEVICE_FAMILY = "1,2";
			};
			name = Debug;
		};
		1824FD821E73367B0001C430 /* Release */ = {
			isa = XCBuildConfiguration;
			buildSettings = {
				ALWAYS_SEARCH_USER_PATHS = NO;
				CLANG_ANALYZER_NONNULL = YES;
				CLANG_CXX_LANGUAGE_STANDARD = "gnu++0x";
				CLANG_CXX_LIBRARY = "libc++";
				CLANG_ENABLE_MODULES = YES;
				CLANG_ENABLE_OBJC_ARC = YES;
				CLANG_WARN_BOOL_CONVERSION = YES;
				CLANG_WARN_CONSTANT_CONVERSION = YES;
				CLANG_WARN_DIRECT_OBJC_ISA_USAGE = YES_ERROR;
				CLANG_WARN_DOCUMENTATION_COMMENTS = YES;
				CLANG_WARN_EMPTY_BODY = YES;
				CLANG_WARN_ENUM_CONVERSION = YES;
				CLANG_WARN_INFINITE_RECURSION = YES;
				CLANG_WARN_INT_CONVERSION = YES;
				CLANG_WARN_OBJC_ROOT_CLASS = YES_ERROR;
				CLANG_WARN_SUSPICIOUS_MOVE = YES;
				CLANG_WARN_UNREACHABLE_CODE = YES;
				CLANG_WARN__DUPLICATE_METHOD_MATCH = YES;
				"CODE_SIGN_IDENTITY[sdk=iphoneos*]" = "iPhone Developer";
				COPY_PHASE_STRIP = NO;
				DEBUG_INFORMATION_FORMAT = "dwarf-with-dsym";
				ENABLE_NS_ASSERTIONS = NO;
				ENABLE_STRICT_OBJC_MSGSEND = YES;
				GCC_C_LANGUAGE_STANDARD = gnu99;
				GCC_NO_COMMON_BLOCKS = YES;
				GCC_WARN_64_TO_32_BIT_CONVERSION = YES;
				GCC_WARN_ABOUT_RETURN_TYPE = YES_ERROR;
				GCC_WARN_UNDECLARED_SELECTOR = YES;
				GCC_WARN_UNINITIALIZED_AUTOS = YES_AGGRESSIVE;
				GCC_WARN_UNUSED_FUNCTION = YES;
				GCC_WARN_UNUSED_VARIABLE = YES;
				IPHONEOS_DEPLOYMENT_TARGET = 10.2;
				MTL_ENABLE_DEBUG_INFO = NO;
				SDKROOT = iphoneos;
				SWIFT_OPTIMIZATION_LEVEL = "-Owholemodule";
				TARGETED_DEVICE_FAMILY = "1,2";
				VALIDATE_PRODUCT = YES;
			};
			name = Release;
		};
		1824FD841E73367B0001C430 /* Debug */ = {
			isa = XCBuildConfiguration;
			baseConfigurationReference = AB65806BD5B5FA9B7809F4D8 /* Pods-SampleApp.debug.xcconfig */;
			buildSettings = {
				ASSETCATALOG_COMPILER_APPICON_NAME = AppIcon;
				INFOPLIST_FILE = SampleApp/Info.plist;
				LD_RUNPATH_SEARCH_PATHS = "$(inherited) @executable_path/Frameworks";
				PRODUCT_BUNDLE_IDENTIFIER = com.alisafakli.SampleApp;
				PRODUCT_NAME = "$(TARGET_NAME)";
				SWIFT_VERSION = 3.0;
			};
			name = Debug;
		};
		1824FD851E73367B0001C430 /* Release */ = {
			isa = XCBuildConfiguration;
			baseConfigurationReference = 798473BD91D7778A770B36EE /* Pods-SampleApp.release.xcconfig */;
			buildSettings = {
				ASSETCATALOG_COMPILER_APPICON_NAME = AppIcon;
				INFOPLIST_FILE = SampleApp/Info.plist;
				LD_RUNPATH_SEARCH_PATHS = "$(inherited) @executable_path/Frameworks";
				PRODUCT_BUNDLE_IDENTIFIER = com.alisafakli.SampleApp;
				PRODUCT_NAME = "$(TARGET_NAME)";
				SWIFT_VERSION = 3.0;
			};
			name = Release;
		};
		1824FD871E73367B0001C430 /* Debug */ = {
			isa = XCBuildConfiguration;
			buildSettings = {
				ALWAYS_EMBED_SWIFT_STANDARD_LIBRARIES = YES;
				BUNDLE_LOADER = "$(TEST_HOST)";
				INFOPLIST_FILE = SampleAppTests/Info.plist;
				LD_RUNPATH_SEARCH_PATHS = "$(inherited) @executable_path/Frameworks @loader_path/Frameworks";
				PRODUCT_BUNDLE_IDENTIFIER = com.alisafakli.SampleAppTests;
				PRODUCT_NAME = "$(TARGET_NAME)";
				SWIFT_VERSION = 3.0;
				TEST_HOST = "$(BUILT_PRODUCTS_DIR)/SampleApp.app/SampleApp";
			};
			name = Debug;
		};
		1824FD881E73367B0001C430 /* Release */ = {
			isa = XCBuildConfiguration;
			buildSettings = {
				ALWAYS_EMBED_SWIFT_STANDARD_LIBRARIES = YES;
				BUNDLE_LOADER = "$(TEST_HOST)";
				INFOPLIST_FILE = SampleAppTests/Info.plist;
				LD_RUNPATH_SEARCH_PATHS = "$(inherited) @executable_path/Frameworks @loader_path/Frameworks";
				PRODUCT_BUNDLE_IDENTIFIER = com.alisafakli.SampleAppTests;
				PRODUCT_NAME = "$(TARGET_NAME)";
				SWIFT_VERSION = 3.0;
				TEST_HOST = "$(BUILT_PRODUCTS_DIR)/SampleApp.app/SampleApp";
			};
			name = Release;
		};
		1824FD8A1E73367B0001C430 /* Debug */ = {
			isa = XCBuildConfiguration;
			buildSettings = {
				ALWAYS_EMBED_SWIFT_STANDARD_LIBRARIES = YES;
				INFOPLIST_FILE = SampleAppUITests/Info.plist;
				LD_RUNPATH_SEARCH_PATHS = "$(inherited) @executable_path/Frameworks @loader_path/Frameworks";
				PRODUCT_BUNDLE_IDENTIFIER = com.alisafakli.SampleAppUITests;
				PRODUCT_NAME = "$(TARGET_NAME)";
				SWIFT_VERSION = 3.0;
				TEST_TARGET_NAME = SampleApp;
			};
			name = Debug;
		};
		1824FD8B1E73367B0001C430 /* Release */ = {
			isa = XCBuildConfiguration;
			buildSettings = {
				ALWAYS_EMBED_SWIFT_STANDARD_LIBRARIES = YES;
				INFOPLIST_FILE = SampleAppUITests/Info.plist;
				LD_RUNPATH_SEARCH_PATHS = "$(inherited) @executable_path/Frameworks @loader_path/Frameworks";
				PRODUCT_BUNDLE_IDENTIFIER = com.alisafakli.SampleAppUITests;
				PRODUCT_NAME = "$(TARGET_NAME)";
				SWIFT_VERSION = 3.0;
				TEST_TARGET_NAME = SampleApp;
			};
			name = Release;
		};
/* End XCBuildConfiguration section */

/* Begin XCConfigurationList section */
		1824FD561E73367B0001C430 /* Build configuration list for PBXProject "SampleApp" */ = {
			isa = XCConfigurationList;
			buildConfigurations = (
				1824FD811E73367B0001C430 /* Debug */,
				1824FD821E73367B0001C430 /* Release */,
			);
			defaultConfigurationIsVisible = 0;
			defaultConfigurationName = Release;
		};
		1824FD831E73367B0001C430 /* Build configuration list for PBXNativeTarget "SampleApp" */ = {
			isa = XCConfigurationList;
			buildConfigurations = (
				1824FD841E73367B0001C430 /* Debug */,
				1824FD851E73367B0001C430 /* Release */,
			);
			defaultConfigurationIsVisible = 0;
			defaultConfigurationName = Release;
		};
		1824FD861E73367B0001C430 /* Build configuration list for PBXNativeTarget "SampleAppTests" */ = {
			isa = XCConfigurationList;
			buildConfigurations = (
				1824FD871E73367B0001C430 /* Debug */,
				1824FD881E73367B0001C430 /* Release */,
			);
			defaultConfigurationIsVisible = 0;
			defaultConfigurationName = Release;
		};
		1824FD891E73367B0001C430 /* Build configuration list for PBXNativeTarget "SampleAppUITests" */ = {
			isa = XCConfigurationList;
			buildConfigurations = (
				1824FD8A1E73367B0001C430 /* Debug */,
				1824FD8B1E73367B0001C430 /* Release */,
			);
			defaultConfigurationIsVisible = 0;
			defaultConfigurationName = Release;
		};
/* End XCConfigurationList section */
	};
	rootObject = 1824FD531E73367B0001C430 /* Project object */;
}
